
Microsoft Visual Studio Solution File, Format Version 12.00
# Visual Studio 15
VisualStudioVersion = 15.0.28307.271
MinimumVisualStudioVersion = 10.0.40219.1
Project("{FAE04EC0-301F-11D3-BF4B-00C04F79EFBC}") = "CFreriksAssignment3", "CFreriksAssignment3\CFreriksAssignment3.csproj", "{3C6E2797-D709-402B-9CED-671321F79441}"
EndProject
Global
	GlobalSection(SolutionConfigurationPlatforms) = preSolution
		Debug|Any CPU = Debug|Any CPU
		Release|Any CPU = Release|Any CPU
	EndGlobalSection
	GlobalSection(ProjectConfigurationPlatforms) = postSolution
		{3C6E2797-D709-402B-9CED-671321F79441}.Debug|Any CPU.ActiveCfg = Debug|Any CPU
		{3C6E2797-D709-402B-9CED-671321F79441}.Debug|Any CPU.Build.0 = Debug|Any CPU
		{3C6E2797-D709-402B-9CED-671321F79441}.Release|Any CPU.ActiveCfg = Release|Any CPU
		{3C6E2797-D709-402B-9CED-671321F79441}.Release|Any CPU.Build.0 = Release|Any CPU
	EndGlobalSection
	GlobalSection(SolutionProperties) = preSolution
		HideSolutionNode = FALSE
	EndGlobalSection
	GlobalSection(ExtensibilityGlobals) = postSolution
		SolutionGuid = {4DF5CCFC-C090-4534-98B3-151A1E545634}
	EndGlobalSection
EndGlobal
